
Microsoft Visual Studio Solution File, Format Version 11.00
# Visual Studio 2010
Project("{FAE04EC0-301F-11D3-BF4B-00C04F79EFBC}") = "imadethis", "imadethis\imadethis.csproj", "{30CB7992-0A0B-4EE6-896F-980DD67FDBF2}"
EndProject
Global
	GlobalSection(SolutionConfigurationPlatforms) = preSolution
		Debug|Any CPU = Debug|Any CPU
		Release|Any CPU = Release|Any CPU
	EndGlobalSection
	GlobalSection(ProjectConfigurationPlatforms) = postSolution
		{30CB7992-0A0B-4EE6-896F-980DD67FDBF2}.Debug|Any CPU.ActiveCfg = Debug|Any CPU
		{30CB7992-0A0B-4EE6-896F-980DD67FDBF2}.Debug|Any CPU.Build.0 = Debug|Any CPU
		{30CB7992-0A0B-4EE6-896F-980DD67FDBF2}.Release|Any CPU.ActiveCfg = Release|Any CPU
		{30CB7992-0A0B-4EE6-896F-980DD67FDBF2}.Release|Any CPU.Build.0 = Release|Any CPU
	EndGlobalSection
	GlobalSection(MonoDevelopProperties) = preSolution
		StartupItem = imadethis\imadethis.csproj
	EndGlobalSection
EndGlobal
